
Microsoft Visual Studio Solution File, Format Version 12.00
# Visual Studio Version 17
VisualStudioVersion = 17.10.34916.146
MinimumVisualStudioVersion = 10.0.40219.1
Project("{9A19103F-16F7-4668-BE54-9A1E7A4F7556}") = "BlazorTestes", "BlazorTestes\BlazorTestes.csproj", "{E4AAD56D-387C-4C39-9D19-3FEC6BA24652}"
EndProject
Global
	GlobalSection(SolutionConfigurationPlatforms) = preSolution
		Debug|Any CPU = Debug|Any CPU
		Release|Any CPU = Release|Any CPU
	EndGlobalSection
	GlobalSection(ProjectConfigurationPlatforms) = postSolution
		{E4AAD56D-387C-4C39-9D19-3FEC6BA24652}.Debug|Any CPU.ActiveCfg = Debug|Any CPU
		{E4AAD56D-387C-4C39-9D19-3FEC6BA24652}.Debug|Any CPU.Build.0 = Debug|Any CPU
		{E4AAD56D-387C-4C39-9D19-3FEC6BA24652}.Release|Any CPU.ActiveCfg = Release|Any CPU
		{E4AAD56D-387C-4C39-9D19-3FEC6BA24652}.Release|Any CPU.Build.0 = Release|Any CPU
	EndGlobalSection
	GlobalSection(SolutionProperties) = preSolution
		HideSolutionNode = FALSE
	EndGlobalSection
	GlobalSection(ExtensibilityGlobals) = postSolution
		SolutionGuid = {0D193C8A-0925-4892-84AC-FBE8B79A9D71}
	EndGlobalSection
EndGlobal
